PODS:
  - ElasticTransition (3.0.1):
    - MotionAnimation (~> 0.1.1)
  - MotionAnimation (0.1.1)

DEPENDENCIES:
  - ElasticTransition (~> 3.0.0)

SPEC CHECKSUMS:
  ElasticTransition: 231e60fa66f68f42129e7969736f4a9e69794f97
  MotionAnimation: ff356cfdbedcab52a5bfc94cc96ed44ea2f652e0

PODFILE CHECKSUM: 18a59d87aceedd364bfc0679638b59f60648c300

COCOAPODS: 1.0.1
