// !$*UTF8*$!
{
	archiveVersion = 1;
	classes = {
	};
	objectVersion = 46;
	objects = {

/* Begin PBXBuildFile section */
		1B494BC1E74356A672F0C38E /* Pods_capioTests.framework in Frameworks */ = {isa = PBXBuildFile; fileRef = 41E700FAE66DD075380AB694 /* Pods_capioTests.framework */; };
		3571FA3147F413E95928F1CE /* Pods_capioUITests.framework in Frameworks */ = {isa = PBXBuildFile; fileRef = 0AE02DE45CE8EB6D4AEF93DD /* Pods_capioUITests.framework */; };
		3706CCA01E5D4D8300E4EC77 /* RightMenuSetViewController.swift in Sources */ = {isa = PBXBuildFile; fileRef = 3706CC9F1E5D4D8300E4EC77 /* RightMenuSetViewController.swift */; };
		370B6D2C1E82B2FF00B51A1B /* ResolutionSideMenuViewController.swift in Sources */ = {isa = PBXBuildFile; fileRef = 370B6D2B1E82B2FF00B51A1B /* ResolutionSideMenuViewController.swift */; };
		372D1DA21E647014006D740B /* GridManager.swift in Sources */ = {isa = PBXBuildFile; fileRef = 372D1DA11E647014006D740B /* GridManager.swift */; };
		3740AE141E5001E4004DE9BE /* ResolutionViewController.swift in Sources */ = {isa = PBXBuildFile; fileRef = 3740AE131E5001E4004DE9BE /* ResolutionViewController.swift */; };
		3740AE211E502A24004DE9BE /* MenuHostView.swift in Sources */ = {isa = PBXBuildFile; fileRef = 3740AE201E502A24004DE9BE /* MenuHostView.swift */; };
		374B45911E3C518E00BB727F /* CameraMenuContentController.swift in Sources */ = {isa = PBXBuildFile; fileRef = 374B458F1E3C518E00BB727F /* CameraMenuContentController.swift */; };
		374B45921E3C518E00BB727F /* CameraMenuTableViewCell.swift in Sources */ = {isa = PBXBuildFile; fileRef = 374B45901E3C518E00BB727F /* CameraMenuTableViewCell.swift */; };
		3779378E1D45A33E004C86A4 /* Pods_capio.framework in Frameworks */ = {isa = PBXBuildFile; fileRef = 377937891D45A335004C86A4 /* Pods_capio.framework */; };
		377E09FA1E6F5636007EA4ED /* CaptureSessionManager.swift in Sources */ = {isa = PBXBuildFile; fileRef = 377E09F91E6F5636007EA4ED /* CaptureSessionManager.swift */; };
		37A596BB1E56A9C500FC6194 /* FocusZoomViewController.swift in Sources */ = {isa = PBXBuildFile; fileRef = 37A596BA1E56A9C500FC6194 /* FocusZoomViewController.swift */; };
		37D63F791D45A608009CD6D9 /* CameraOptionsViewController.swift in Sources */ = {isa = PBXBuildFile; fileRef = 37D63F781D45A608009CD6D9 /* CameraOptionsViewController.swift */; };
		37E25FF91D32DB6D00644207 /* AppDelegate.swift in Sources */ = {isa = PBXBuildFile; fileRef = 37E25FF81D32DB6D00644207 /* AppDelegate.swift */; };
		37E25FFB1D32DB6D00644207 /* FirstViewController.swift in Sources */ = {isa = PBXBuildFile; fileRef = 37E25FFA1D32DB6D00644207 /* FirstViewController.swift */; };
		37E260001D32DB6D00644207 /* Main.storyboard in Resources */ = {isa = PBXBuildFile; fileRef = 37E25FFE1D32DB6D00644207 /* Main.storyboard */; };
		37E260021D32DB6D00644207 /* Assets.xcassets in Resources */ = {isa = PBXBuildFile; fileRef = 37E260011D32DB6D00644207 /* Assets.xcassets */; };
		37E260051D32DB6D00644207 /* LaunchScreen.storyboard in Resources */ = {isa = PBXBuildFile; fileRef = 37E260031D32DB6D00644207 /* LaunchScreen.storyboard */; };
		37E260101D32DB6D00644207 /* capioTests.swift in Sources */ = {isa = PBXBuildFile; fileRef = 37E2600F1D32DB6D00644207 /* capioTests.swift */; };
		37E2601B1D32DB6D00644207 /* capioUITests.swift in Sources */ = {isa = PBXBuildFile; fileRef = 37E2601A1D32DB6D00644207 /* capioUITests.swift */; };
		D248C7F2536130819511982E /* Pods_capio.framework in Frameworks */ = {isa = PBXBuildFile; fileRef = D4DF1F28D4BC41D0A2EA22AC /* Pods_capio.framework */; };
/* End PBXBuildFile section */

/* Begin PBXContainerItemProxy section */
		370B6D3C1E82B30000B51A1B /* PBXContainerItemProxy */ = {
			isa = PBXContainerItemProxy;
			containerPortal = 3779377C1D45A334004C86A4 /* Pods.xcodeproj */;
			proxyType = 2;
			remoteGlobalIDString = 2F006D7975A217F7251E72FE5F0798D2;
			remoteInfo = RxBlocking;
		};
		370B6D3E1E82B30000B51A1B /* PBXContainerItemProxy */ = {
			isa = PBXContainerItemProxy;
			containerPortal = 3779377C1D45A334004C86A4 /* Pods.xcodeproj */;
			proxyType = 2;
			remoteGlobalIDString = 543F5DE9F2A23A550C6D0BF7AF03E98C;
			remoteInfo = RxCocoa;
		};
		370B6D401E82B30000B51A1B /* PBXContainerItemProxy */ = {
			isa = PBXContainerItemProxy;
			containerPortal = 3779377C1D45A334004C86A4 /* Pods.xcodeproj */;
			proxyType = 2;
			remoteGlobalIDString = E193EF8C88629F64B734B287BD8C4DF6;
			remoteInfo = RxSwift;
		};
		370B6D421E82B30000B51A1B /* PBXContainerItemProxy */ = {
			isa = PBXContainerItemProxy;
			containerPortal = 3779377C1D45A334004C86A4 /* Pods.xcodeproj */;
			proxyType = 2;
			remoteGlobalIDString = 837BA08919D6F41D9C26343F45379BF8;
			remoteInfo = RxTest;
		};
		371C33971D5AD82900E20BA5 /* PBXContainerItemProxy */ = {
			isa = PBXContainerItemProxy;
			containerPortal = 3779377C1D45A334004C86A4 /* Pods.xcodeproj */;
			proxyType = 2;
			remoteGlobalIDString = EFA73D18A5F00CBA25C69F04F6AD467D;
			remoteInfo = BRYXBanner;
		};
		3749F3C71E399D4B00A39DFA /* PBXContainerItemProxy */ = {
			isa = PBXContainerItemProxy;
			containerPortal = 3779377C1D45A334004C86A4 /* Pods.xcodeproj */;
			proxyType = 2;
			remoteGlobalIDString = E5ADE0D6C144019B938F73B87F68D95A;
			remoteInfo = CariocaMenu;
		};
		3749F3C91E399D4B00A39DFA /* PBXContainerItemProxy */ = {
			isa = PBXContainerItemProxy;
			containerPortal = 3779377C1D45A334004C86A4 /* Pods.xcodeproj */;
			proxyType = 2;
			remoteGlobalIDString = A0FEBAC68B4B71817FA23BFDB801A1D1;
			remoteInfo = ScalePicker;
		};
		377937841D45A335004C86A4 /* PBXContainerItemProxy */ = {
			isa = PBXContainerItemProxy;
			containerPortal = 3779377C1D45A334004C86A4 /* Pods.xcodeproj */;
			proxyType = 2;
			remoteGlobalIDString = DA0A31724D2F6A10619A5586C3D4AABD;
			remoteInfo = ElasticTransition;
		};
		377937861D45A335004C86A4 /* PBXContainerItemProxy */ = {
			isa = PBXContainerItemProxy;
			containerPortal = 3779377C1D45A334004C86A4 /* Pods.xcodeproj */;
			proxyType = 2;
			remoteGlobalIDString = 7EE7BB32BCD415F358934B13C47A8B36;
			remoteInfo = MotionAnimation;
		};
		377937881D45A335004C86A4 /* PBXContainerItemProxy */ = {
			isa = PBXContainerItemProxy;
			containerPortal = 3779377C1D45A334004C86A4 /* Pods.xcodeproj */;
			proxyType = 2;
			remoteGlobalIDString = FE81F189174037C97AA77F6029389E96;
			remoteInfo = "Pods-capio";
		};
		3779378A1D45A335004C86A4 /* PBXContainerItemProxy */ = {
			isa = PBXContainerItemProxy;
			containerPortal = 3779377C1D45A334004C86A4 /* Pods.xcodeproj */;
			proxyType = 2;
			remoteGlobalIDString = 53673B60E38DB23435DA83EB9A7B05DD;
			remoteInfo = "Pods-capioTests";
		};
		3779378C1D45A335004C86A4 /* PBXContainerItemProxy */ = {
			isa = PBXContainerItemProxy;
			containerPortal = 3779377C1D45A334004C86A4 /* Pods.xcodeproj */;
			proxyType = 2;
			remoteGlobalIDString = 5F5E7A666EFE2B7E38AE07E0A5163D2C;
			remoteInfo = "Pods-capioUITests";
		};
		37DF9EF11DB4425500BBBF72 /* PBXContainerItemProxy */ = {
			isa = PBXContainerItemProxy;
			containerPortal = 3779377C1D45A334004C86A4 /* Pods.xcodeproj */;
			proxyType = 2;
			remoteGlobalIDString = 20B0400402BEAF72A993FF45F8F9BFBC;
			remoteInfo = JQSwiftIcon;
		};
		37DF9EF31DB4425500BBBF72 /* PBXContainerItemProxy */ = {
			isa = PBXContainerItemProxy;
			containerPortal = 3779377C1D45A334004C86A4 /* Pods.xcodeproj */;
			proxyType = 2;
			remoteGlobalIDString = 7BB6509FC32891FD5E6BEDAA070A5756;
			remoteInfo = "JQSwiftIcon-JQSwiftIcon";
		};
		37E2600C1D32DB6D00644207 /* PBXContainerItemProxy */ = {
			isa = PBXContainerItemProxy;
			containerPortal = 37E25FED1D32DB6D00644207 /* Project object */;
			proxyType = 1;
			remoteGlobalIDString = 37E25FF41D32DB6D00644207;
			remoteInfo = camTest1;
		};
		37E260171D32DB6D00644207 /* PBXContainerItemProxy */ = {
			isa = PBXContainerItemProxy;
			containerPortal = 37E25FED1D32DB6D00644207 /* Project object */;
			proxyType = 1;
			remoteGlobalIDString = 37E25FF41D32DB6D00644207;
			remoteInfo = camTest1;
		};
		BB2C50D921D919E900E93634 /* PBXContainerItemProxy */ = {
			isa = PBXContainerItemProxy;
			containerPortal = 3779377C1D45A334004C86A4 /* Pods.xcodeproj */;
			proxyType = 2;
			remoteGlobalIDString = 0A696E53A95209A38CF9CA48C38ED02B;
			remoteInfo = RxAtomic;
		};
/* End PBXContainerItemProxy section */

/* Begin PBXFileReference section */
		0AE02DE45CE8EB6D4AEF93DD /* Pods_capioUITests.framework */ = {isa = PBXFileReference; explicitFileType = wrapper.framework; includeInIndex = 0; path = Pods_capioUITests.framework; sourceTree = BUILT_PRODUCTS_DIR; };
		211DA7C77B9A00C1F55E778B /* Pods-capio.debug.xcconfig */ = {isa = PBXFileReference; includeInIndex = 1; lastKnownFileType = text.xcconfig; name = "Pods-capio.debug.xcconfig"; path = "Pods/Target Support Files/Pods-capio/Pods-capio.debug.xcconfig"; sourceTree = "<group>"; };
		367359E6A01C5AE98BA957BA /* Pods-capioUITests.debug.xcconfig */ = {isa = PBXFileReference; includeInIndex = 1; lastKnownFileType = text.xcconfig; name = "Pods-capioUITests.debug.xcconfig"; path = "Pods/Target Support Files/Pods-capioUITests/Pods-capioUITests.debug.xcconfig"; sourceTree = "<group>"; };
		3706CC9F1E5D4D8300E4EC77 /* RightMenuSetViewController.swift */ = {isa = PBXFileReference; fileEncoding = 4; lastKnownFileType = sourcecode.swift; path = RightMenuSetViewController.swift; sourceTree = "<group>"; };
		370B6D2B1E82B2FF00B51A1B /* ResolutionSideMenuViewController.swift */ = {isa = PBXFileReference; fileEncoding = 4; lastKnownFileType = sourcecode.swift; path = ResolutionSideMenuViewController.swift; sourceTree = "<group>"; };
		372D1DA11E647014006D740B /* GridManager.swift */ = {isa = PBXFileReference; fileEncoding = 4; lastKnownFileType = sourcecode.swift; path = GridManager.swift; sourceTree = "<group>"; };
		3740AE131E5001E4004DE9BE /* ResolutionViewController.swift */ = {isa = PBXFileReference; fileEncoding = 4; lastKnownFileType = sourcecode.swift; path = ResolutionViewController.swift; sourceTree = "<group>"; };
		3740AE201E502A24004DE9BE /* MenuHostView.swift */ = {isa = PBXFileReference; fileEncoding = 4; lastKnownFileType = sourcecode.swift; path = MenuHostView.swift; sourceTree = "<group>"; };
		374B458F1E3C518E00BB727F /* CameraMenuContentController.swift */ = {isa = PBXFileReference; fileEncoding = 4; lastKnownFileType = sourcecode.swift; path = CameraMenuContentController.swift; sourceTree = "<group>"; };
		374B45901E3C518E00BB727F /* CameraMenuTableViewCell.swift */ = {isa = PBXFileReference; fileEncoding = 4; lastKnownFileType = sourcecode.swift; path = CameraMenuTableViewCell.swift; sourceTree = "<group>"; };
		3779377C1D45A334004C86A4 /* Pods.xcodeproj */ = {isa = PBXFileReference; lastKnownFileType = "wrapper.pb-project"; name = Pods.xcodeproj; path = Pods/Pods.xcodeproj; sourceTree = "<group>"; };
		377E09F91E6F5636007EA4ED /* CaptureSessionManager.swift */ = {isa = PBXFileReference; fileEncoding = 4; lastKnownFileType = sourcecode.swift; path = CaptureSessionManager.swift; sourceTree = "<group>"; };
		37A596BA1E56A9C500FC6194 /* FocusZoomViewController.swift */ = {isa = PBXFileReference; fileEncoding = 4; lastKnownFileType = sourcecode.swift; path = FocusZoomViewController.swift; sourceTree = "<group>"; };
		37D63F781D45A608009CD6D9 /* CameraOptionsViewController.swift */ = {isa = PBXFileReference; fileEncoding = 4; lastKnownFileType = sourcecode.swift; path = CameraOptionsViewController.swift; sourceTree = "<group>"; };
		37E25FF51D32DB6D00644207 /* capio.app */ = {isa = PBXFileReference; explicitFileType = wrapper.application; includeInIndex = 0; path = capio.app; sourceTree = BUILT_PRODUCTS_DIR; };
		37E25FF81D32DB6D00644207 /* AppDelegate.swift */ = {isa = PBXFileReference; lastKnownFileType = sourcecode.swift; path = AppDelegate.swift; sourceTree = "<group>"; };
		37E25FFA1D32DB6D00644207 /* FirstViewController.swift */ = {isa = PBXFileReference; lastKnownFileType = sourcecode.swift; path = FirstViewController.swift; sourceTree = "<group>"; };
		37E25FFF1D32DB6D00644207 /* Base */ = {isa = PBXFileReference; lastKnownFileType = file.storyboard; name = Base; path = Main.storyboard; sourceTree = "<group>"; };
		37E260011D32DB6D00644207 /* Assets.xcassets */ = {isa = PBXFileReference; lastKnownFileType = folder.assetcatalog; path = Assets.xcassets; sourceTree = "<group>"; };
		37E260041D32DB6D00644207 /* Base */ = {isa = PBXFileReference; lastKnownFileType = file.storyboard; name = Base; path = LaunchScreen.storyboard; sourceTree = "<group>"; };
		37E260061D32DB6D00644207 /* Info.plist */ = {isa = PBXFileReference; lastKnownFileType = text.plist.xml; path = Info.plist; sourceTree = "<group>"; };
		37E2600B1D32DB6D00644207 /* capioTests.xctest */ = {isa = PBXFileReference; explicitFileType = wrapper.cfbundle; includeInIndex = 0; path = capioTests.xctest; sourceTree = BUILT_PRODUCTS_DIR; };
		37E2600F1D32DB6D00644207 /* capioTests.swift */ = {isa = PBXFileReference; lastKnownFileType = sourcecode.swift; path = capioTests.swift; sourceTree = "<group>"; };
		37E260111D32DB6D00644207 /* Info.plist */ = {isa = PBXFileReference; lastKnownFileType = text.plist.xml; path = Info.plist; sourceTree = "<group>"; };
		37E260161D32DB6D00644207 /* capioUITests.xctest */ = {isa = PBXFileReference; explicitFileType = wrapper.cfbundle; includeInIndex = 0; path = capioUITests.xctest; sourceTree = BUILT_PRODUCTS_DIR; };
		37E2601A1D32DB6D00644207 /* capioUITests.swift */ = {isa = PBXFileReference; lastKnownFileType = sourcecode.swift; path = capioUITests.swift; sourceTree = "<group>"; };
		37E2601C1D32DB6D00644207 /* Info.plist */ = {isa = PBXFileReference; lastKnownFileType = text.plist.xml; path = Info.plist; sourceTree = "<group>"; };
		41E700FAE66DD075380AB694 /* Pods_capioTests.framework */ = {isa = PBXFileReference; explicitFileType = wrapper.framework; includeInIndex = 0; path = Pods_capioTests.framework; sourceTree = BUILT_PRODUCTS_DIR; };
		5B345EA4769864ACC8156A6A /* Pods-capio.release.xcconfig */ = {isa = PBXFileReference; includeInIndex = 1; lastKnownFileType = text.xcconfig; name = "Pods-capio.release.xcconfig"; path = "Pods/Target Support Files/Pods-capio/Pods-capio.release.xcconfig"; sourceTree = "<group>"; };
		85D4F59939712C5CE0A9A413 /* Pods-capioTests.release.xcconfig */ = {isa = PBXFileReference; includeInIndex = 1; lastKnownFileType = text.xcconfig; name = "Pods-capioTests.release.xcconfig"; path = "Pods/Target Support Files/Pods-capioTests/Pods-capioTests.release.xcconfig"; sourceTree = "<group>"; };
		B46F4BDF0C66ED3CD55E08D9 /* Pods-capioUITests.release.xcconfig */ = {isa = PBXFileReference; includeInIndex = 1; lastKnownFileType = text.xcconfig; name = "Pods-capioUITests.release.xcconfig"; path = "Pods/Target Support Files/Pods-capioUITests/Pods-capioUITests.release.xcconfig"; sourceTree = "<group>"; };
		CA5D0FBD82BC2D1AA560F09C /* Pods-capioTests.debug.xcconfig */ = {isa = PBXFileReference; includeInIndex = 1; lastKnownFileType = text.xcconfig; name = "Pods-capioTests.debug.xcconfig"; path = "Pods/Target Support Files/Pods-capioTests/Pods-capioTests.debug.xcconfig"; sourceTree = "<group>"; };
		D4DF1F28D4BC41D0A2EA22AC /* Pods_capio.framework */ = {isa = PBXFileReference; explicitFileType = wrapper.framework; includeInIndex = 0; path = Pods_capio.framework; sourceTree = BUILT_PRODUCTS_DIR; };
/* End PBXFileReference section */

/* Begin PBXFrameworksBuildPhase section */
		37E25FF21D32DB6D00644207 /* Frameworks */ = {
			isa = PBXFrameworksBuildPhase;
			buildActionMask = 2147483647;
			files = (
				3779378E1D45A33E004C86A4 /* Pods_capio.framework in Frameworks */,
				D248C7F2536130819511982E /* Pods_capio.framework in Frameworks */,
			);
			runOnlyForDeploymentPostprocessing = 0;
		};
		37E260081D32DB6D00644207 /* Frameworks */ = {
			isa = PBXFrameworksBuildPhase;
			buildActionMask = 2147483647;
			files = (
				1B494BC1E74356A672F0C38E /* Pods_capioTests.framework in Frameworks */,
			);
			runOnlyForDeploymentPostprocessing = 0;
		};
		37E260131D32DB6D00644207 /* Frameworks */ = {
			isa = PBXFrameworksBuildPhase;
			buildActionMask = 2147483647;
			files = (
				3571FA3147F413E95928F1CE /* Pods_capioUITests.framework in Frameworks */,
			);
			runOnlyForDeploymentPostprocessing = 0;
		};
/* End PBXFrameworksBuildPhase section */

/* Begin PBXGroup section */
		1E59078E814FD0B1965A07B6 /* Pods */ = {
			isa = PBXGroup;
			children = (
				211DA7C77B9A00C1F55E778B /* Pods-capio.debug.xcconfig */,
				5B345EA4769864ACC8156A6A /* Pods-capio.release.xcconfig */,
				CA5D0FBD82BC2D1AA560F09C /* Pods-capioTests.debug.xcconfig */,
				85D4F59939712C5CE0A9A413 /* Pods-capioTests.release.xcconfig */,
				367359E6A01C5AE98BA957BA /* Pods-capioUITests.debug.xcconfig */,
				B46F4BDF0C66ED3CD55E08D9 /* Pods-capioUITests.release.xcconfig */,
			);
			name = Pods;
			sourceTree = "<group>";
		};
		3779377D1D45A334004C86A4 /* Products */ = {
			isa = PBXGroup;
			children = (
				371C33981D5AD82900E20BA5 /* BRYXBanner.framework */,
				3749F3C81E399D4B00A39DFA /* CariocaMenu.framework */,
				377937851D45A335004C86A4 /* ElasticTransition.framework */,
				37DF9EF21DB4425500BBBF72 /* JQSwiftIcon.framework */,
				37DF9EF41DB4425500BBBF72 /* JQSwiftIcon.bundle */,
				377937871D45A335004C86A4 /* MotionAnimation.framework */,
				377937891D45A335004C86A4 /* Pods_capio.framework */,
				3779378B1D45A335004C86A4 /* Pods_capioTests.framework */,
				3779378D1D45A335004C86A4 /* Pods_capioUITests.framework */,
				BB2C50DA21D919E900E93634 /* RxAtomic.framework */,
				370B6D3D1E82B30000B51A1B /* RxBlocking.framework */,
				370B6D3F1E82B30000B51A1B /* RxCocoa.framework */,
				370B6D411E82B30000B51A1B /* RxSwift.framework */,
				370B6D431E82B30000B51A1B /* RxTest.framework */,
				3749F3CA1E399D4B00A39DFA /* ScalePicker.framework */,
			);
			name = Products;
			sourceTree = "<group>";
		};
		37B4194C1DB6AC750082C29C /* Controllers */ = {
			isa = PBXGroup;
			children = (
				37E25FFA1D32DB6D00644207 /* FirstViewController.swift */,
				37A596BA1E56A9C500FC6194 /* FocusZoomViewController.swift */,
				374B458F1E3C518E00BB727F /* CameraMenuContentController.swift */,
				374B45901E3C518E00BB727F /* CameraMenuTableViewCell.swift */,
				377E09F91E6F5636007EA4ED /* CaptureSessionManager.swift */,
				37D63F781D45A608009CD6D9 /* CameraOptionsViewController.swift */,
				3740AE201E502A24004DE9BE /* MenuHostView.swift */,
				3740AE131E5001E4004DE9BE /* ResolutionViewController.swift */,
				370B6D2B1E82B2FF00B51A1B /* ResolutionSideMenuViewController.swift */,
				3706CC9F1E5D4D8300E4EC77 /* RightMenuSetViewController.swift */,
				372D1DA11E647014006D740B /* GridManager.swift */,
			);
			path = Controllers;
			sourceTree = "<group>";
		};
		37B419561DB6AC9A0082C29C /* UI */ = {
			isa = PBXGroup;
			children = (
				37E25FFE1D32DB6D00644207 /* Main.storyboard */,
				37E260031D32DB6D00644207 /* LaunchScreen.storyboard */,
			);
			path = UI;
			sourceTree = "<group>";
		};
		37E25FEC1D32DB6D00644207 = {
			isa = PBXGroup;
			children = (
				37E25FF71D32DB6D00644207 /* capio */,
				37E2600E1D32DB6D00644207 /* capioTests */,
				37E260191D32DB6D00644207 /* capioUITests */,
				37E25FF61D32DB6D00644207 /* Products */,
				1E59078E814FD0B1965A07B6 /* Pods */,
				A4C148EFB8ACB14FCE448170 /* Frameworks */,
			);
			sourceTree = "<group>";
		};
		37E25FF61D32DB6D00644207 /* Products */ = {
			isa = PBXGroup;
			children = (
				37E25FF51D32DB6D00644207 /* capio.app */,
				37E2600B1D32DB6D00644207 /* capioTests.xctest */,
				37E260161D32DB6D00644207 /* capioUITests.xctest */,
			);
			name = Products;
			sourceTree = "<group>";
		};
		37E25FF71D32DB6D00644207 /* capio */ = {
			isa = PBXGroup;
			children = (
				37E25FF81D32DB6D00644207 /* AppDelegate.swift */,
				37B4194C1DB6AC750082C29C /* Controllers */,
				37B419561DB6AC9A0082C29C /* UI */,
				37E260011D32DB6D00644207 /* Assets.xcassets */,
				37E260061D32DB6D00644207 /* Info.plist */,
			);
			path = capio;
			sourceTree = "<group>";
		};
		37E2600E1D32DB6D00644207 /* capioTests */ = {
			isa = PBXGroup;
			children = (
				37E2600F1D32DB6D00644207 /* capioTests.swift */,
				37E260111D32DB6D00644207 /* Info.plist */,
			);
			path = capioTests;
			sourceTree = "<group>";
		};
		37E260191D32DB6D00644207 /* capioUITests */ = {
			isa = PBXGroup;
			children = (
				37E2601A1D32DB6D00644207 /* capioUITests.swift */,
				37E2601C1D32DB6D00644207 /* Info.plist */,
			);
			path = capioUITests;
			sourceTree = "<group>";
		};
		A4C148EFB8ACB14FCE448170 /* Frameworks */ = {
			isa = PBXGroup;
			children = (
				3779377C1D45A334004C86A4 /* Pods.xcodeproj */,
				D4DF1F28D4BC41D0A2EA22AC /* Pods_capio.framework */,
				41E700FAE66DD075380AB694 /* Pods_capioTests.framework */,
				0AE02DE45CE8EB6D4AEF93DD /* Pods_capioUITests.framework */,
			);
			name = Frameworks;
			sourceTree = "<group>";
		};
/* End PBXGroup section */

/* Begin PBXNativeTarget section */
		37E25FF41D32DB6D00644207 /* capio */ = {
			isa = PBXNativeTarget;
			buildConfigurationList = 37E2601F1D32DB6D00644207 /* Build configuration list for PBXNativeTarget "capio" */;
			buildPhases = (
				37839832AD65999DAA469420 /* [CP] Check Pods Manifest.lock */,
				37E25FF11D32DB6D00644207 /* Sources */,
				37E25FF21D32DB6D00644207 /* Frameworks */,
				37E25FF31D32DB6D00644207 /* Resources */,
				9A219E4D1515A70968F6852D /* [CP] Embed Pods Frameworks */,
				17495108D0021D718618D135 /* [CP] Copy Pods Resources */,
			);
			buildRules = (
			);
			dependencies = (
			);
			name = capio;
			productName = camTest1;
			productReference = 37E25FF51D32DB6D00644207 /* capio.app */;
			productType = "com.apple.product-type.application";
		};
		37E2600A1D32DB6D00644207 /* capioTests */ = {
			isa = PBXNativeTarget;
			buildConfigurationList = 37E260221D32DB6D00644207 /* Build configuration list for PBXNativeTarget "capioTests" */;
			buildPhases = (
				5BBD286AC817BF2690CCB340 /* [CP] Check Pods Manifest.lock */,
				37E260071D32DB6D00644207 /* Sources */,
				37E260081D32DB6D00644207 /* Frameworks */,
				37E260091D32DB6D00644207 /* Resources */,
				5B93830BF9FAD84497C56FA7 /* [CP] Embed Pods Frameworks */,
				C7E44A153E5FDB7F711506C1 /* [CP] Copy Pods Resources */,
			);
			buildRules = (
			);
			dependencies = (
				37E2600D1D32DB6D00644207 /* PBXTargetDependency */,
			);
			name = capioTests;
			productName = camTest1Tests;
			productReference = 37E2600B1D32DB6D00644207 /* capioTests.xctest */;
			productType = "com.apple.product-type.bundle.unit-test";
		};
		37E260151D32DB6D00644207 /* capioUITests */ = {
			isa = PBXNativeTarget;
			buildConfigurationList = 37E260251D32DB6D00644207 /* Build configuration list for PBXNativeTarget "capioUITests" */;
			buildPhases = (
				C0446B3B61D9FAE86F2D4746 /* [CP] Check Pods Manifest.lock */,
				37E260121D32DB6D00644207 /* Sources */,
				37E260131D32DB6D00644207 /* Frameworks */,
				37E260141D32DB6D00644207 /* Resources */,
				D0C62B961C7BE9C2BE08EC5C /* [CP] Copy Pods Resources */,
				BAE565F5D040A2A71FD85577 /* [CP] Embed Pods Frameworks */,
			);
			buildRules = (
			);
			dependencies = (
				37E260181D32DB6D00644207 /* PBXTargetDependency */,
			);
			name = capioUITests;
			productName = camTest1UITests;
			productReference = 37E260161D32DB6D00644207 /* capioUITests.xctest */;
			productType = "com.apple.product-type.bundle.ui-testing";
		};
/* End PBXNativeTarget section */

/* Begin PBXProject section */
		37E25FED1D32DB6D00644207 /* Project object */ = {
			isa = PBXProject;
			attributes = {
				LastSwiftUpdateCheck = 0730;
				LastUpgradeCheck = 0800;
				ORGANIZATIONNAME = theroman;
				TargetAttributes = {
					37E25FF41D32DB6D00644207 = {
						CreatedOnToolsVersion = 7.3.1;
						DevelopmentTeam = 2N23H46X83;
						LastSwiftMigration = 0820;
					};
					37E2600A1D32DB6D00644207 = {
						CreatedOnToolsVersion = 7.3.1;
						LastSwiftMigration = 0820;
						TestTargetID = 37E25FF41D32DB6D00644207;
					};
					37E260151D32DB6D00644207 = {
						CreatedOnToolsVersion = 7.3.1;
						LastSwiftMigration = 0820;
						TestTargetID = 37E25FF41D32DB6D00644207;
					};
				};
			};
			buildConfigurationList = 37E25FF01D32DB6D00644207 /* Build configuration list for PBXProject "capio" */;
			compatibilityVersion = "Xcode 3.2";
			developmentRegion = English;
			hasScannedForEncodings = 0;
			knownRegions = (
				en,
				Base,
			);
			mainGroup = 37E25FEC1D32DB6D00644207;
			productRefGroup = 37E25FF61D32DB6D00644207 /* Products */;
			projectDirPath = "";
			projectReferences = (
				{
					ProductGroup = 3779377D1D45A334004C86A4 /* Products */;
					ProjectRef = 3779377C1D45A334004C86A4 /* Pods.xcodeproj */;
				},
			);
			projectRoot = "";
			targets = (
				37E25FF41D32DB6D00644207 /* capio */,
				37E2600A1D32DB6D00644207 /* capioTests */,
				37E260151D32DB6D00644207 /* capioUITests */,
			);
		};
/* End PBXProject section */

/* Begin PBXReferenceProxy section */
		370B6D3D1E82B30000B51A1B /* RxBlocking.framework */ = {
			isa = PBXReferenceProxy;
			fileType = wrapper.framework;
			path = RxBlocking.framework;
			remoteRef = 370B6D3C1E82B30000B51A1B /* PBXContainerItemProxy */;
			sourceTree = BUILT_PRODUCTS_DIR;
		};
		370B6D3F1E82B30000B51A1B /* RxCocoa.framework */ = {
			isa = PBXReferenceProxy;
			fileType = wrapper.framework;
			path = RxCocoa.framework;
			remoteRef = 370B6D3E1E82B30000B51A1B /* PBXContainerItemProxy */;
			sourceTree = BUILT_PRODUCTS_DIR;
		};
		370B6D411E82B30000B51A1B /* RxSwift.framework */ = {
			isa = PBXReferenceProxy;
			fileType = wrapper.framework;
			path = RxSwift.framework;
			remoteRef = 370B6D401E82B30000B51A1B /* PBXContainerItemProxy */;
			sourceTree = BUILT_PRODUCTS_DIR;
		};
		370B6D431E82B30000B51A1B /* RxTest.framework */ = {
			isa = PBXReferenceProxy;
			fileType = wrapper.framework;
			path = RxTest.framework;
			remoteRef = 370B6D421E82B30000B51A1B /* PBXContainerItemProxy */;
			sourceTree = BUILT_PRODUCTS_DIR;
		};
		371C33981D5AD82900E20BA5 /* BRYXBanner.framework */ = {
			isa = PBXReferenceProxy;
			fileType = wrapper.framework;
			path = BRYXBanner.framework;
			remoteRef = 371C33971D5AD82900E20BA5 /* PBXContainerItemProxy */;
			sourceTree = BUILT_PRODUCTS_DIR;
		};
		3749F3C81E399D4B00A39DFA /* CariocaMenu.framework */ = {
			isa = PBXReferenceProxy;
			fileType = wrapper.framework;
			path = CariocaMenu.framework;
			remoteRef = 3749F3C71E399D4B00A39DFA /* PBXContainerItemProxy */;
			sourceTree = BUILT_PRODUCTS_DIR;
		};
		3749F3CA1E399D4B00A39DFA /* ScalePicker.framework */ = {
			isa = PBXReferenceProxy;
			fileType = wrapper.framework;
			path = ScalePicker.framework;
			remoteRef = 3749F3C91E399D4B00A39DFA /* PBXContainerItemProxy */;
			sourceTree = BUILT_PRODUCTS_DIR;
		};
		377937851D45A335004C86A4 /* ElasticTransition.framework */ = {
			isa = PBXReferenceProxy;
			fileType = wrapper.framework;
			path = ElasticTransition.framework;
			remoteRef = 377937841D45A335004C86A4 /* PBXContainerItemProxy */;
			sourceTree = BUILT_PRODUCTS_DIR;
		};
		377937871D45A335004C86A4 /* MotionAnimation.framework */ = {
			isa = PBXReferenceProxy;
			fileType = wrapper.framework;
			path = MotionAnimation.framework;
			remoteRef = 377937861D45A335004C86A4 /* PBXContainerItemProxy */;
			sourceTree = BUILT_PRODUCTS_DIR;
		};
		377937891D45A335004C86A4 /* Pods_capio.framework */ = {
			isa = PBXReferenceProxy;
			fileType = wrapper.framework;
			path = Pods_capio.framework;
			remoteRef = 377937881D45A335004C86A4 /* PBXContainerItemProxy */;
			sourceTree = BUILT_PRODUCTS_DIR;
		};
		3779378B1D45A335004C86A4 /* Pods_capioTests.framework */ = {
			isa = PBXReferenceProxy;
			fileType = wrapper.framework;
			path = Pods_capioTests.framework;
			remoteRef = 3779378A1D45A335004C86A4 /* PBXContainerItemProxy */;
			sourceTree = BUILT_PRODUCTS_DIR;
		};
		3779378D1D45A335004C86A4 /* Pods_capioUITests.framework */ = {
			isa = PBXReferenceProxy;
			fileType = wrapper.framework;
			path = Pods_capioUITests.framework;
			remoteRef = 3779378C1D45A335004C86A4 /* PBXContainerItemProxy */;
			sourceTree = BUILT_PRODUCTS_DIR;
		};
		37DF9EF21DB4425500BBBF72 /* JQSwiftIcon.framework */ = {
			isa = PBXReferenceProxy;
			fileType = wrapper.framework;
			path = JQSwiftIcon.framework;
			remoteRef = 37DF9EF11DB4425500BBBF72 /* PBXContainerItemProxy */;
			sourceTree = BUILT_PRODUCTS_DIR;
		};
		37DF9EF41DB4425500BBBF72 /* JQSwiftIcon.bundle */ = {
			isa = PBXReferenceProxy;
			fileType = wrapper.cfbundle;
			path = JQSwiftIcon.bundle;
			remoteRef = 37DF9EF31DB4425500BBBF72 /* PBXContainerItemProxy */;
			sourceTree = BUILT_PRODUCTS_DIR;
		};
		BB2C50DA21D919E900E93634 /* RxAtomic.framework */ = {
			isa = PBXReferenceProxy;
			fileType = wrapper.framework;
			path = RxAtomic.framework;
			remoteRef = BB2C50D921D919E900E93634 /* PBXContainerItemProxy */;
			sourceTree = BUILT_PRODUCTS_DIR;
		};
/* End PBXReferenceProxy section */

/* Begin PBXResourcesBuildPhase section */
		37E25FF31D32DB6D00644207 /* Resources */ = {
			isa = PBXResourcesBuildPhase;
			buildActionMask = 2147483647;
			files = (
				37E260051D32DB6D00644207 /* LaunchScreen.storyboard in Resources */,
				37E260021D32DB6D00644207 /* Assets.xcassets in Resources */,
				37E260001D32DB6D00644207 /* Main.storyboard in Resources */,
			);
			runOnlyForDeploymentPostprocessing = 0;
		};
		37E260091D32DB6D00644207 /* Resources */ = {
			isa = PBXResourcesBuildPhase;
			buildActionMask = 2147483647;
			files = (
			);
			runOnlyForDeploymentPostprocessing = 0;
		};
		37E260141D32DB6D00644207 /* Resources */ = {
			isa = PBXResourcesBuildPhase;
			buildActionMask = 2147483647;
			files = (
			);
			runOnlyForDeploymentPostprocessing = 0;
		};
/* End PBXResourcesBuildPhase section */

/* Begin PBXShellScriptBuildPhase section */
		17495108D0021D718618D135 /* [CP] Copy Pods Resources */ = {
			isa = PBXShellScriptBuildPhase;
			buildActionMask = 2147483647;
			files = (
			);
			inputPaths = (
			);
			name = "[CP] Copy Pods Resources";
			outputPaths = (
			);
			runOnlyForDeploymentPostprocessing = 0;
			shellPath = /bin/sh;
			shellScript = "\"${SRCROOT}/Pods/Target Support Files/Pods-capio/Pods-capio-resources.sh\"\n";
			showEnvVarsInLog = 0;
		};
		37839832AD65999DAA469420 /* [CP] Check Pods Manifest.lock */ = {
			isa = PBXShellScriptBuildPhase;
			buildActionMask = 2147483647;
			files = (
			);
			inputPaths = (
			);
			name = "[CP] Check Pods Manifest.lock";
			outputPaths = (
			);
			runOnlyForDeploymentPostprocessing = 0;
			shellPath = /bin/sh;
			shellScript = "diff \"${PODS_PODFILE_DIR_PATH}/Podfile.lock\" \"${PODS_ROOT}/Manifest.lock\" > /dev/null\nif [ $? != 0 ] ; then\n    # print error to STDERR\n    echo \"error: The sandbox is not in sync with the Podfile.lock. Run 'pod install' or update your CocoaPods installation.\" >&2\n    exit 1\nfi\n";
			showEnvVarsInLog = 0;
		};
		5B93830BF9FAD84497C56FA7 /* [CP] Embed Pods Frameworks */ = {
			isa = PBXShellScriptBuildPhase;
			buildActionMask = 2147483647;
			files = (
			);
			inputPaths = (
			);
			name = "[CP] Embed Pods Frameworks";
			outputPaths = (
			);
			runOnlyForDeploymentPostprocessing = 0;
			shellPath = /bin/sh;
			shellScript = "\"${SRCROOT}/Pods/Target Support Files/Pods-capioTests/Pods-capioTests-frameworks.sh\"\n";
			showEnvVarsInLog = 0;
		};
		5BBD286AC817BF2690CCB340 /* [CP] Check Pods Manifest.lock */ = {
			isa = PBXShellScriptBuildPhase;
			buildActionMask = 2147483647;
			files = (
			);
			inputPaths = (
			);
			name = "[CP] Check Pods Manifest.lock";
			outputPaths = (
			);
			runOnlyForDeploymentPostprocessing = 0;
			shellPath = /bin/sh;
			shellScript = "diff \"${PODS_PODFILE_DIR_PATH}/Podfile.lock\" \"${PODS_ROOT}/Manifest.lock\" > /dev/null\nif [ $? != 0 ] ; then\n    # print error to STDERR\n    echo \"error: The sandbox is not in sync with the Podfile.lock. Run 'pod install' or update your CocoaPods installation.\" >&2\n    exit 1\nfi\n";
			showEnvVarsInLog = 0;
		};
		9A219E4D1515A70968F6852D /* [CP] Embed Pods Frameworks */ = {
			isa = PBXShellScriptBuildPhase;
			buildActionMask = 2147483647;
			files = (
			);
			inputPaths = (
			);
			name = "[CP] Embed Pods Frameworks";
			outputPaths = (
			);
			runOnlyForDeploymentPostprocessing = 0;
			shellPath = /bin/sh;
			shellScript = "\"${SRCROOT}/Pods/Target Support Files/Pods-capio/Pods-capio-frameworks.sh\"\n";
			showEnvVarsInLog = 0;
		};
		BAE565F5D040A2A71FD85577 /* [CP] Embed Pods Frameworks */ = {
			isa = PBXShellScriptBuildPhase;
			buildActionMask = 2147483647;
			files = (
			);
			inputPaths = (
			);
			name = "[CP] Embed Pods Frameworks";
			outputPaths = (
			);
			runOnlyForDeploymentPostprocessing = 0;
			shellPath = /bin/sh;
			shellScript = "\"${SRCROOT}/Pods/Target Support Files/Pods-capioUITests/Pods-capioUITests-frameworks.sh\"\n";
			showEnvVarsInLog = 0;
		};
		C0446B3B61D9FAE86F2D4746 /* [CP] Check Pods Manifest.lock */ = {
			isa = PBXShellScriptBuildPhase;
			buildActionMask = 2147483647;
			files = (
			);
			inputPaths = (
			);
			name = "[CP] Check Pods Manifest.lock";
			outputPaths = (
			);
			runOnlyForDeploymentPostprocessing = 0;
			shellPath = /bin/sh;
			shellScript = "diff \"${PODS_PODFILE_DIR_PATH}/Podfile.lock\" \"${PODS_ROOT}/Manifest.lock\" > /dev/null\nif [ $? != 0 ] ; then\n    # print error to STDERR\n    echo \"error: The sandbox is not in sync with the Podfile.lock. Run 'pod install' or update your CocoaPods installation.\" >&2\n    exit 1\nfi\n";
			showEnvVarsInLog = 0;
		};
		C7E44A153E5FDB7F711506C1 /* [CP] Copy Pods Resources */ = {
			isa = PBXShellScriptBuildPhase;
			buildActionMask = 2147483647;
			files = (
			);
			inputPaths = (
			);
			name = "[CP] Copy Pods Resources";
			outputPaths = (
			);
			runOnlyForDeploymentPostprocessing = 0;
			shellPath = /bin/sh;
			shellScript = "\"${SRCROOT}/Pods/Target Support Files/Pods-capioTests/Pods-capioTests-resources.sh\"\n";
			showEnvVarsInLog = 0;
		};
		D0C62B961C7BE9C2BE08EC5C /* [CP] Copy Pods Resources */ = {
			isa = PBXShellScriptBuildPhase;
			buildActionMask = 2147483647;
			files = (
			);
			inputPaths = (
			);
			name = "[CP] Copy Pods Resources";
			outputPaths = (
			);
			runOnlyForDeploymentPostprocessing = 0;
			shellPath = /bin/sh;
			shellScript = "\"${SRCROOT}/Pods/Target Support Files/Pods-capioUITests/Pods-capioUITests-resources.sh\"\n";
			showEnvVarsInLog = 0;
		};
/* End PBXShellScriptBuildPhase section */

/* Begin PBXSourcesBuildPhase section */
		37E25FF11D32DB6D00644207 /* Sources */ = {
			isa = PBXSourcesBuildPhase;
			buildActionMask = 2147483647;
			files = (
				37D63F791D45A608009CD6D9 /* CameraOptionsViewController.swift in Sources */,
				3706CCA01E5D4D8300E4EC77 /* RightMenuSetViewController.swift in Sources */,
				370B6D2C1E82B2FF00B51A1B /* ResolutionSideMenuViewController.swift in Sources */,
				3740AE211E502A24004DE9BE /* MenuHostView.swift in Sources */,
				37E25FF91D32DB6D00644207 /* AppDelegate.swift in Sources */,
				377E09FA1E6F5636007EA4ED /* CaptureSessionManager.swift in Sources */,
				3740AE141E5001E4004DE9BE /* ResolutionViewController.swift in Sources */,
				372D1DA21E647014006D740B /* GridManager.swift in Sources */,
				37A596BB1E56A9C500FC6194 /* FocusZoomViewController.swift in Sources */,
				374B45921E3C518E00BB727F /* CameraMenuTableViewCell.swift in Sources */,
				374B45911E3C518E00BB727F /* CameraMenuContentController.swift in Sources */,
				37E25FFB1D32DB6D00644207 /* FirstViewController.swift in Sources */,
			);
			runOnlyForDeploymentPostprocessing = 0;
		};
		37E260071D32DB6D00644207 /* Sources */ = {
			isa = PBXSourcesBuildPhase;
			buildActionMask = 2147483647;
			files = (
				37E260101D32DB6D00644207 /* capioTests.swift in Sources */,
			);
			runOnlyForDeploymentPostprocessing = 0;
		};
		37E260121D32DB6D00644207 /* Sources */ = {
			isa = PBXSourcesBuildPhase;
			buildActionMask = 2147483647;
			files = (
				37E2601B1D32DB6D00644207 /* capioUITests.swift in Sources */,
			);
			runOnlyForDeploymentPostprocessing = 0;
		};
/* End PBXSourcesBuildPhase section */

/* Begin PBXTargetDependency section */
		37E2600D1D32DB6D00644207 /* PBXTargetDependency */ = {
			isa = PBXTargetDependency;
			target = 37E25FF41D32DB6D00644207 /* capio */;
			targetProxy = 37E2600C1D32DB6D00644207 /* PBXContainerItemProxy */;
		};
		37E260181D32DB6D00644207 /* PBXTargetDependency */ = {
			isa = PBXTargetDependency;
			target = 37E25FF41D32DB6D00644207 /* capio */;
			targetProxy = 37E260171D32DB6D00644207 /* PBXContainerItemProxy */;
		};
/* End PBXTargetDependency section */

/* Begin PBXVariantGroup section */
		37E25FFE1D32DB6D00644207 /* Main.storyboard */ = {
			isa = PBXVariantGroup;
			children = (
				37E25FFF1D32DB6D00644207 /* Base */,
			);
			name = Main.storyboard;
			sourceTree = "<group>";
		};
		37E260031D32DB6D00644207 /* LaunchScreen.storyboard */ = {
			isa = PBXVariantGroup;
			children = (
				37E260041D32DB6D00644207 /* Base */,
			);
			name = LaunchScreen.storyboard;
			sourceTree = "<group>";
		};
/* End PBXVariantGroup section */

/* Begin XCBuildConfiguration section */
		37E2601D1D32DB6D00644207 /* Debug */ = {
			isa = XCBuildConfiguration;
			buildSettings = {
				ALWAYS_SEARCH_USER_PATHS = NO;
				CLANG_ANALYZER_NONNULL = YES;
				CLANG_CXX_LANGUAGE_STANDARD = "gnu++0x";
				CLANG_CXX_LIBRARY = "libc++";
				CLANG_ENABLE_MODULES = YES;
				CLANG_ENABLE_OBJC_ARC = YES;
				CLANG_WARN_BOOL_CONVERSION = YES;
				CLANG_WARN_CONSTANT_CONVERSION = YES;
				CLANG_WARN_DIRECT_OBJC_ISA_USAGE = YES_ERROR;
				CLANG_WARN_EMPTY_BODY = YES;
				CLANG_WARN_ENUM_CONVERSION = YES;
				CLANG_WARN_INFINITE_RECURSION = YES;
				CLANG_WARN_INT_CONVERSION = YES;
				CLANG_WARN_OBJC_ROOT_CLASS = YES_ERROR;
				CLANG_WARN_SUSPICIOUS_MOVE = YES;
				CLANG_WARN_UNREACHABLE_CODE = YES;
				CLANG_WARN__DUPLICATE_METHOD_MATCH = YES;
				"CODE_SIGN_IDENTITY[sdk=iphoneos*]" = "iPhone Developer";
				COPY_PHASE_STRIP = NO;
				DEBUG_INFORMATION_FORMAT = dwarf;
				ENABLE_STRICT_OBJC_MSGSEND = YES;
				ENABLE_TESTABILITY = YES;
				GCC_C_LANGUAGE_STANDARD = gnu99;
				GCC_DYNAMIC_NO_PIC = NO;
				GCC_NO_COMMON_BLOCKS = YES;
				GCC_OPTIMIZATION_LEVEL = 0;
				GCC_PREPROCESSOR_DEFINITIONS = (
					"DEBUG=1",
					"$(inherited)",
				);
				GCC_WARN_64_TO_32_BIT_CONVERSION = YES;
				GCC_WARN_ABOUT_RETURN_TYPE = YES_ERROR;
				GCC_WARN_UNDECLARED_SELECTOR = YES;
				GCC_WARN_UNINITIALIZED_AUTOS = YES_AGGRESSIVE;
				GCC_WARN_UNUSED_FUNCTION = YES;
				GCC_WARN_UNUSED_VARIABLE = YES;
				IPHONEOS_DEPLOYMENT_TARGET = 10.0;
				MTL_ENABLE_DEBUG_INFO = YES;
				ONLY_ACTIVE_ARCH = YES;
				SDKROOT = iphoneos;
				SWIFT_OPTIMIZATION_LEVEL = "-Onone";
				SWIFT_VERSION = 4.2;
				TARGETED_DEVICE_FAMILY = "1,2";
			};
			name = Debug;
		};
		37E2601E1D32DB6D00644207 /* Release */ = {
			isa = XCBuildConfiguration;
			buildSettings = {
				ALWAYS_SEARCH_USER_PATHS = NO;
				CLANG_ANALYZER_NONNULL = YES;
				CLANG_CXX_LANGUAGE_STANDARD = "gnu++0x";
				CLANG_CXX_LIBRARY = "libc++";
				CLANG_ENABLE_MODULES = YES;
				CLANG_ENABLE_OBJC_ARC = YES;
				CLANG_WARN_BOOL_CONVERSION = YES;
				CLANG_WARN_CONSTANT_CONVERSION = YES;
				CLANG_WARN_DIRECT_OBJC_ISA_USAGE = YES_ERROR;
				CLANG_WARN_EMPTY_BODY = YES;
				CLANG_WARN_ENUM_CONVERSION = YES;
				CLANG_WARN_INFINITE_RECURSION = YES;
				CLANG_WARN_INT_CONVERSION = YES;
				CLANG_WARN_OBJC_ROOT_CLASS = YES_ERROR;
				CLANG_WARN_SUSPICIOUS_MOVE = YES;
				CLANG_WARN_UNREACHABLE_CODE = YES;
				CLANG_WARN__DUPLICATE_METHOD_MATCH = YES;
				"CODE_SIGN_IDENTITY[sdk=iphoneos*]" = "iPhone Developer";
				COPY_PHASE_STRIP = NO;
				DEBUG_INFORMATION_FORMAT = "dwarf-with-dsym";
				ENABLE_NS_ASSERTIONS = NO;
				ENABLE_STRICT_OBJC_MSGSEND = YES;
				GCC_C_LANGUAGE_STANDARD = gnu99;
				GCC_NO_COMMON_BLOCKS = YES;
				GCC_WARN_64_TO_32_BIT_CONVERSION = YES;
				GCC_WARN_ABOUT_RETURN_TYPE = YES_ERROR;
				GCC_WARN_UNDECLARED_SELECTOR = YES;
				GCC_WARN_UNINITIALIZED_AUTOS = YES_AGGRESSIVE;
				GCC_WARN_UNUSED_FUNCTION = YES;
				GCC_WARN_UNUSED_VARIABLE = YES;
				IPHONEOS_DEPLOYMENT_TARGET = 10.0;
				MTL_ENABLE_DEBUG_INFO = NO;
				SDKROOT = iphoneos;
				SWIFT_OPTIMIZATION_LEVEL = "-Owholemodule";
				SWIFT_VERSION = 4.2;
				TARGETED_DEVICE_FAMILY = "1,2";
				VALIDATE_PRODUCT = YES;
			};
			name = Release;
		};
		37E260201D32DB6D00644207 /* Debug */ = {
			isa = XCBuildConfiguration;
			baseConfigurationReference = 211DA7C77B9A00C1F55E778B /* Pods-capio.debug.xcconfig */;
			buildSettings = {
				ALWAYS_EMBED_SWIFT_STANDARD_LIBRARIES = YES;
				ASSETCATALOG_COMPILER_APPICON_NAME = AppIcon;
				CODE_SIGN_IDENTITY = "iPhone Developer";
				"CODE_SIGN_IDENTITY[sdk=iphoneos*]" = "iPhone Developer";
				DEVELOPMENT_TEAM = 2N23H46X83;
				INFOPLIST_FILE = capio/Info.plist;
				LD_RUNPATH_SEARCH_PATHS = "$(inherited) @executable_path/Frameworks";
				PRODUCT_BUNDLE_IDENTIFIER = com.theromanapps.capio;
				PRODUCT_NAME = capio;
				PROVISIONING_PROFILE = "";
				SWIFT_VERSION = 3.0;
				TARGETED_DEVICE_FAMILY = 1;
			};
			name = Debug;
		};
		37E260211D32DB6D00644207 /* Release */ = {
			isa = XCBuildConfiguration;
			baseConfigurationReference = 5B345EA4769864ACC8156A6A /* Pods-capio.release.xcconfig */;
			buildSettings = {
				ALWAYS_EMBED_SWIFT_STANDARD_LIBRARIES = YES;
				ASSETCATALOG_COMPILER_APPICON_NAME = AppIcon;
				CODE_SIGN_IDENTITY = "iPhone Developer";
				"CODE_SIGN_IDENTITY[sdk=iphoneos*]" = "iPhone Developer";
				DEVELOPMENT_TEAM = 2N23H46X83;
				INFOPLIST_FILE = capio/Info.plist;
				LD_RUNPATH_SEARCH_PATHS = "$(inherited) @executable_path/Frameworks";
				PRODUCT_BUNDLE_IDENTIFIER = com.theromanapps.capio;
				PRODUCT_NAME = capio;
				PROVISIONING_PROFILE = "";
				SWIFT_VERSION = 3.0;
				TARGETED_DEVICE_FAMILY = 1;
			};
			name = Release;
		};
		37E260231D32DB6D00644207 /* Debug */ = {
			isa = XCBuildConfiguration;
			baseConfigurationReference = CA5D0FBD82BC2D1AA560F09C /* Pods-capioTests.debug.xcconfig */;
			buildSettings = {
				BUNDLE_LOADER = "$(TEST_HOST)";
				INFOPLIST_FILE = capioTests/Info.plist;
				LD_RUNPATH_SEARCH_PATHS = "$(inherited) @executable_path/Frameworks @loader_path/Frameworks";
				PRODUCT_BUNDLE_IDENTIFIER = com.theroman.capioTests;
				PRODUCT_NAME = "$(TARGET_NAME)";
				SWIFT_VERSION = 3.0;
				TEST_HOST = "$(BUILT_PRODUCTS_DIR)/capio.app/capio";
			};
			name = Debug;
		};
		37E260241D32DB6D00644207 /* Release */ = {
			isa = XCBuildConfiguration;
			baseConfigurationReference = 85D4F59939712C5CE0A9A413 /* Pods-capioTests.release.xcconfig */;
			buildSettings = {
				BUNDLE_LOADER = "$(TEST_HOST)";
				INFOPLIST_FILE = capioTests/Info.plist;
				LD_RUNPATH_SEARCH_PATHS = "$(inherited) @executable_path/Frameworks @loader_path/Frameworks";
				PRODUCT_BUNDLE_IDENTIFIER = com.theroman.capioTests;
				PRODUCT_NAME = "$(TARGET_NAME)";
				SWIFT_VERSION = 3.0;
				TEST_HOST = "$(BUILT_PRODUCTS_DIR)/capio.app/capio";
			};
			name = Release;
		};
		37E260261D32DB6D00644207 /* Debug */ = {
			isa = XCBuildConfiguration;
			baseConfigurationReference = 367359E6A01C5AE98BA957BA /* Pods-capioUITests.debug.xcconfig */;
			buildSettings = {
				INFOPLIST_FILE = capioUITests/Info.plist;
				LD_RUNPATH_SEARCH_PATHS = "$(inherited) @executable_path/Frameworks @loader_path/Frameworks";
				PRODUCT_BUNDLE_IDENTIFIER = com.theroman.capioUITests;
				PRODUCT_NAME = "$(TARGET_NAME)";
				SWIFT_VERSION = 3.0;
				TEST_TARGET_NAME = capio;
			};
			name = Debug;
		};
		37E260271D32DB6D00644207 /* Release */ = {
			isa = XCBuildConfiguration;
			baseConfigurationReference = B46F4BDF0C66ED3CD55E08D9 /* Pods-capioUITests.release.xcconfig */;
			buildSettings = {
				INFOPLIST_FILE = capioUITests/Info.plist;
				LD_RUNPATH_SEARCH_PATHS = "$(inherited) @executable_path/Frameworks @loader_path/Frameworks";
				PRODUCT_BUNDLE_IDENTIFIER = com.theroman.capioUITests;
				PRODUCT_NAME = "$(TARGET_NAME)";
				SWIFT_VERSION = 3.0;
				TEST_TARGET_NAME = capio;
			};
			name = Release;
		};
/* End XCBuildConfiguration section */

/* Begin XCConfigurationList section */
		37E25FF01D32DB6D00644207 /* Build configuration list for PBXProject "capio" */ = {
			isa = XCConfigurationList;
			buildConfigurations = (
				37E2601D1D32DB6D00644207 /* Debug */,
				37E2601E1D32DB6D00644207 /* Release */,
			);
			defaultConfigurationIsVisible = 0;
			defaultConfigurationName = Release;
		};
		37E2601F1D32DB6D00644207 /* Build configuration list for PBXNativeTarget "capio" */ = {
			isa = XCConfigurationList;
			buildConfigurations = (
				37E260201D32DB6D00644207 /* Debug */,
				37E260211D32DB6D00644207 /* Release */,
			);
			defaultConfigurationIsVisible = 0;
			defaultConfigurationName = Release;
		};
		37E260221D32DB6D00644207 /* Build configuration list for PBXNativeTarget "capioTests" */ = {
			isa = XCConfigurationList;
			buildConfigurations = (
				37E260231D32DB6D00644207 /* Debug */,
				37E260241D32DB6D00644207 /* Release */,
			);
			defaultConfigurationIsVisible = 0;
			defaultConfigurationName = Release;
		};
		37E260251D32DB6D00644207 /* Build configuration list for PBXNativeTarget "capioUITests" */ = {
			isa = XCConfigurationList;
			buildConfigurations = (
				37E260261D32DB6D00644207 /* Debug */,
				37E260271D32DB6D00644207 /* Release */,
			);
			defaultConfigurationIsVisible = 0;
			defaultConfigurationName = Release;
		};
/* End XCConfigurationList section */
	};
	rootObject = 37E25FED1D32DB6D00644207 /* Project object */;
}
