// !$*UTF8*$!
{
	archiveVersion = 1;
	classes = {
	};
	objectVersion = 46;
	objects = {

/* Begin PBXBuildFile section */
		37E25FF91D32DB6D00644207 /* AppDelegate.swift in Sources */ = {isa = PBXBuildFile; fileRef = 37E25FF81D32DB6D00644207 /* AppDelegate.swift */; };
		37E25FFB1D32DB6D00644207 /* FirstViewController.swift in Sources */ = {isa = PBXBuildFile; fileRef = 37E25FFA1D32DB6D00644207 /* FirstViewController.swift */; };
		37E260001D32DB6D00644207 /* Main.storyboard in Resources */ = {isa = PBXBuildFile; fileRef = 37E25FFE1D32DB6D00644207 /* Main.storyboard */; };
		37E260021D32DB6D00644207 /* Assets.xcassets in Resources */ = {isa = PBXBuildFile; fileRef = 37E260011D32DB6D00644207 /* Assets.xcassets */; };
		37E260051D32DB6D00644207 /* LaunchScreen.storyboard in Resources */ = {isa = PBXBuildFile; fileRef = 37E260031D32DB6D00644207 /* LaunchScreen.storyboard */; };
		37E260101D32DB6D00644207 /* capioTests.swift in Sources */ = {isa = PBXBuildFile; fileRef = 37E2600F1D32DB6D00644207 /* capioTests.swift */; };
		37E2601B1D32DB6D00644207 /* capioUITests.swift in Sources */ = {isa = PBXBuildFile; fileRef = 37E2601A1D32DB6D00644207 /* capioUITests.swift */; };
/* End PBXBuildFile section */

/* Begin PBXContainerItemProxy section */
		37E2600C1D32DB6D00644207 /* PBXContainerItemProxy */ = {
			isa = PBXContainerItemProxy;
			containerPortal = 37E25FED1D32DB6D00644207 /* Project object */;
			proxyType = 1;
			remoteGlobalIDString = 37E25FF41D32DB6D00644207;
			remoteInfo = camTest1;
		};
		37E260171D32DB6D00644207 /* PBXContainerItemProxy */ = {
			isa = PBXContainerItemProxy;
			containerPortal = 37E25FED1D32DB6D00644207 /* Project object */;
			proxyType = 1;
			remoteGlobalIDString = 37E25FF41D32DB6D00644207;
			remoteInfo = camTest1;
		};
/* End PBXContainerItemProxy section */

/* Begin PBXFileReference section */
		37E25FF51D32DB6D00644207 /* capio.app */ = {isa = PBXFileReference; explicitFileType = wrapper.application; includeInIndex = 0; path = capio.app; sourceTree = BUILT_PRODUCTS_DIR; };
		37E25FF81D32DB6D00644207 /* AppDelegate.swift */ = {isa = PBXFileReference; lastKnownFileType = sourcecode.swift; path = AppDelegate.swift; sourceTree = "<group>"; };
		37E25FFA1D32DB6D00644207 /* FirstViewController.swift */ = {isa = PBXFileReference; lastKnownFileType = sourcecode.swift; path = FirstViewController.swift; sourceTree = "<group>"; };
		37E25FFF1D32DB6D00644207 /* Base */ = {isa = PBXFileReference; lastKnownFileType = file.storyboard; name = Base; path = Base.lproj/Main.storyboard; sourceTree = "<group>"; };
		37E260011D32DB6D00644207 /* Assets.xcassets */ = {isa = PBXFileReference; lastKnownFileType = folder.assetcatalog; path = Assets.xcassets; sourceTree = "<group>"; };
		37E260041D32DB6D00644207 /* Base */ = {isa = PBXFileReference; lastKnownFileType = file.storyboard; name = Base; path = Base.lproj/LaunchScreen.storyboard; sourceTree = "<group>"; };
		37E260061D32DB6D00644207 /* Info.plist */ = {isa = PBXFileReference; lastKnownFileType = text.plist.xml; path = Info.plist; sourceTree = "<group>"; };
		37E2600B1D32DB6D00644207 /* capioTests.xctest */ = {isa = PBXFileReference; explicitFileType = wrapper.cfbundle; includeInIndex = 0; path = capioTests.xctest; sourceTree = BUILT_PRODUCTS_DIR; };
		37E2600F1D32DB6D00644207 /* capioTests.swift */ = {isa = PBXFileReference; lastKnownFileType = sourcecode.swift; path = capioTests.swift; sourceTree = "<group>"; };
		37E260111D32DB6D00644207 /* Info.plist */ = {isa = PBXFileReference; lastKnownFileType = text.plist.xml; path = Info.plist; sourceTree = "<group>"; };
		37E260161D32DB6D00644207 /* capioUITests.xctest */ = {isa = PBXFileReference; explicitFileType = wrapper.cfbundle; includeInIndex = 0; path = capioUITests.xctest; sourceTree = BUILT_PRODUCTS_DIR; };
		37E2601A1D32DB6D00644207 /* capioUITests.swift */ = {isa = PBXFileReference; lastKnownFileType = sourcecode.swift; path = capioUITests.swift; sourceTree = "<group>"; };
		37E2601C1D32DB6D00644207 /* Info.plist */ = {isa = PBXFileReference; lastKnownFileType = text.plist.xml; path = Info.plist; sourceTree = "<group>"; };
/* End PBXFileReference section */

/* Begin PBXFrameworksBuildPhase section */
		37E25FF21D32DB6D00644207 /* Frameworks */ = {
			isa = PBXFrameworksBuildPhase;
			buildActionMask = 2147483647;
			files = (
			);
			runOnlyForDeploymentPostprocessing = 0;
		};
		37E260081D32DB6D00644207 /* Frameworks */ = {
			isa = PBXFrameworksBuildPhase;
			buildActionMask = 2147483647;
			files = (
			);
			runOnlyForDeploymentPostprocessing = 0;
		};
		37E260131D32DB6D00644207 /* Frameworks */ = {
			isa = PBXFrameworksBuildPhase;
			buildActionMask = 2147483647;
			files = (
			);
			runOnlyForDeploymentPostprocessing = 0;
		};
/* End PBXFrameworksBuildPhase section */

/* Begin PBXGroup section */
		37E25FEC1D32DB6D00644207 = {
			isa = PBXGroup;
			children = (
				37E25FF71D32DB6D00644207 /* capio */,
				37E2600E1D32DB6D00644207 /* capioTests */,
				37E260191D32DB6D00644207 /* capioUITests */,
				37E25FF61D32DB6D00644207 /* Products */,
			);
			sourceTree = "<group>";
		};
		37E25FF61D32DB6D00644207 /* Products */ = {
			isa = PBXGroup;
			children = (
				37E25FF51D32DB6D00644207 /* capio.app */,
				37E2600B1D32DB6D00644207 /* capioTests.xctest */,
				37E260161D32DB6D00644207 /* capioUITests.xctest */,
			);
			name = Products;
			sourceTree = "<group>";
		};
		37E25FF71D32DB6D00644207 /* capio */ = {
			isa = PBXGroup;
			children = (
				37E25FF81D32DB6D00644207 /* AppDelegate.swift */,
				37E25FFA1D32DB6D00644207 /* FirstViewController.swift */,
				37E25FFE1D32DB6D00644207 /* Main.storyboard */,
				37E260011D32DB6D00644207 /* Assets.xcassets */,
				37E260031D32DB6D00644207 /* LaunchScreen.storyboard */,
				37E260061D32DB6D00644207 /* Info.plist */,
			);
			path = capio;
			sourceTree = "<group>";
		};
		37E2600E1D32DB6D00644207 /* capioTests */ = {
			isa = PBXGroup;
			children = (
				37E2600F1D32DB6D00644207 /* capioTests.swift */,
				37E260111D32DB6D00644207 /* Info.plist */,
			);
			path = capioTests;
			sourceTree = "<group>";
		};
		37E260191D32DB6D00644207 /* capioUITests */ = {
			isa = PBXGroup;
			children = (
				37E2601A1D32DB6D00644207 /* capioUITests.swift */,
				37E2601C1D32DB6D00644207 /* Info.plist */,
			);
			path = capioUITests;
			sourceTree = "<group>";
		};
/* End PBXGroup section */

/* Begin PBXNativeTarget section */
		37E25FF41D32DB6D00644207 /* capio */ = {
			isa = PBXNativeTarget;
			buildConfigurationList = 37E2601F1D32DB6D00644207 /* Build configuration list for PBXNativeTarget "capio" */;
			buildPhases = (
				37E25FF11D32DB6D00644207 /* Sources */,
				37E25FF21D32DB6D00644207 /* Frameworks */,
				37E25FF31D32DB6D00644207 /* Resources */,
			);
			buildRules = (
			);
			dependencies = (
			);
			name = capio;
			productName = camTest1;
			productReference = 37E25FF51D32DB6D00644207 /* capio.app */;
			productType = "com.apple.product-type.application";
		};
		37E2600A1D32DB6D00644207 /* capioTests */ = {
			isa = PBXNativeTarget;
			buildConfigurationList = 37E260221D32DB6D00644207 /* Build configuration list for PBXNativeTarget "capioTests" */;
			buildPhases = (
				37E260071D32DB6D00644207 /* Sources */,
				37E260081D32DB6D00644207 /* Frameworks */,
				37E260091D32DB6D00644207 /* Resources */,
			);
			buildRules = (
			);
			dependencies = (
				37E2600D1D32DB6D00644207 /* PBXTargetDependency */,
			);
			name = capioTests;
			productName = camTest1Tests;
			productReference = 37E2600B1D32DB6D00644207 /* capioTests.xctest */;
			productType = "com.apple.product-type.bundle.unit-test";
		};
		37E260151D32DB6D00644207 /* capioUITests */ = {
			isa = PBXNativeTarget;
			buildConfigurationList = 37E260251D32DB6D00644207 /* Build configuration list for PBXNativeTarget "capioUITests" */;
			buildPhases = (
				37E260121D32DB6D00644207 /* Sources */,
				37E260131D32DB6D00644207 /* Frameworks */,
				37E260141D32DB6D00644207 /* Resources */,
			);
			buildRules = (
			);
			dependencies = (
				37E260181D32DB6D00644207 /* PBXTargetDependency */,
			);
			name = capioUITests;
			productName = camTest1UITests;
			productReference = 37E260161D32DB6D00644207 /* capioUITests.xctest */;
			productType = "com.apple.product-type.bundle.ui-testing";
		};
/* End PBXNativeTarget section */

/* Begin PBXProject section */
		37E25FED1D32DB6D00644207 /* Project object */ = {
			isa = PBXProject;
			attributes = {
				LastSwiftUpdateCheck = 0730;
				LastUpgradeCheck = 0730;
				ORGANIZATIONNAME = theroman;
				TargetAttributes = {
					37E25FF41D32DB6D00644207 = {
						CreatedOnToolsVersion = 7.3.1;
						DevelopmentTeam = XH5ZGQP8H6;
					};
					37E2600A1D32DB6D00644207 = {
						CreatedOnToolsVersion = 7.3.1;
						TestTargetID = 37E25FF41D32DB6D00644207;
					};
					37E260151D32DB6D00644207 = {
						CreatedOnToolsVersion = 7.3.1;
						TestTargetID = 37E25FF41D32DB6D00644207;
					};
				};
			};
			buildConfigurationList = 37E25FF01D32DB6D00644207 /* Build configuration list for PBXProject "capio" */;
			compatibilityVersion = "Xcode 3.2";
			developmentRegion = English;
			hasScannedForEncodings = 0;
			knownRegions = (
				en,
				Base,
			);
			mainGroup = 37E25FEC1D32DB6D00644207;
			productRefGroup = 37E25FF61D32DB6D00644207 /* Products */;
			projectDirPath = "";
			projectRoot = "";
			targets = (
				37E25FF41D32DB6D00644207 /* capio */,
				37E2600A1D32DB6D00644207 /* capioTests */,
				37E260151D32DB6D00644207 /* capioUITests */,
			);
		};
/* End PBXProject section */

/* Begin PBXResourcesBuildPhase section */
		37E25FF31D32DB6D00644207 /* Resources */ = {
			isa = PBXResourcesBuildPhase;
			buildActionMask = 2147483647;
			files = (
				37E260051D32DB6D00644207 /* LaunchScreen.storyboard in Resources */,
				37E260021D32DB6D00644207 /* Assets.xcassets in Resources */,
				37E260001D32DB6D00644207 /* Main.storyboard in Resources */,
			);
			runOnlyForDeploymentPostprocessing = 0;
		};
		37E260091D32DB6D00644207 /* Resources */ = {
			isa = PBXResourcesBuildPhase;
			buildActionMask = 2147483647;
			files = (
			);
			runOnlyForDeploymentPostprocessing = 0;
		};
		37E260141D32DB6D00644207 /* Resources */ = {
			isa = PBXResourcesBuildPhase;
			buildActionMask = 2147483647;
			files = (
			);
			runOnlyForDeploymentPostprocessing = 0;
		};
/* End PBXResourcesBuildPhase section */

/* Begin PBXSourcesBuildPhase section */
		37E25FF11D32DB6D00644207 /* Sources */ = {
			isa = PBXSourcesBuildPhase;
			buildActionMask = 2147483647;
			files = (
				37E25FF91D32DB6D00644207 /* AppDelegate.swift in Sources */,
				37E25FFB1D32DB6D00644207 /* FirstViewController.swift in Sources */,
			);
			runOnlyForDeploymentPostprocessing = 0;
		};
		37E260071D32DB6D00644207 /* Sources */ = {
			isa = PBXSourcesBuildPhase;
			buildActionMask = 2147483647;
			files = (
				37E260101D32DB6D00644207 /* capioTests.swift in Sources */,
			);
			runOnlyForDeploymentPostprocessing = 0;
		};
		37E260121D32DB6D00644207 /* Sources */ = {
			isa = PBXSourcesBuildPhase;
			buildActionMask = 2147483647;
			files = (
				37E2601B1D32DB6D00644207 /* capioUITests.swift in Sources */,
			);
			runOnlyForDeploymentPostprocessing = 0;
		};
/* End PBXSourcesBuildPhase section */

/* Begin PBXTargetDependency section */
		37E2600D1D32DB6D00644207 /* PBXTargetDependency */ = {
			isa = PBXTargetDependency;
			target = 37E25FF41D32DB6D00644207 /* capio */;
			targetProxy = 37E2600C1D32DB6D00644207 /* PBXContainerItemProxy */;
		};
		37E260181D32DB6D00644207 /* PBXTargetDependency */ = {
			isa = PBXTargetDependency;
			target = 37E25FF41D32DB6D00644207 /* capio */;
			targetProxy = 37E260171D32DB6D00644207 /* PBXContainerItemProxy */;
		};
/* End PBXTargetDependency section */

/* Begin PBXVariantGroup section */
		37E25FFE1D32DB6D00644207 /* Main.storyboard */ = {
			isa = PBXVariantGroup;
			children = (
				37E25FFF1D32DB6D00644207 /* Base */,
			);
			name = Main.storyboard;
			sourceTree = "<group>";
		};
		37E260031D32DB6D00644207 /* LaunchScreen.storyboard */ = {
			isa = PBXVariantGroup;
			children = (
				37E260041D32DB6D00644207 /* Base */,
			);
			name = LaunchScreen.storyboard;
			sourceTree = "<group>";
		};
/* End PBXVariantGroup section */

/* Begin XCBuildConfiguration section */
		37E2601D1D32DB6D00644207 /* Debug */ = {
			isa = XCBuildConfiguration;
			buildSettings = {
				ALWAYS_SEARCH_USER_PATHS = NO;
				CLANG_ANALYZER_NONNULL = YES;
				CLANG_CXX_LANGUAGE_STANDARD = "gnu++0x";
				CLANG_CXX_LIBRARY = "libc++";
				CLANG_ENABLE_MODULES = YES;
				CLANG_ENABLE_OBJC_ARC = YES;
				CLANG_WARN_BOOL_CONVERSION = YES;
				CLANG_WARN_CONSTANT_CONVERSION = YES;
				CLANG_WARN_DIRECT_OBJC_ISA_USAGE = YES_ERROR;
				CLANG_WARN_EMPTY_BODY = YES;
				CLANG_WARN_ENUM_CONVERSION = YES;
				CLANG_WARN_INT_CONVERSION = YES;
				CLANG_WARN_OBJC_ROOT_CLASS = YES_ERROR;
				CLANG_WARN_UNREACHABLE_CODE = YES;
				CLANG_WARN__DUPLICATE_METHOD_MATCH = YES;
				"CODE_SIGN_IDENTITY[sdk=iphoneos*]" = "iPhone Developer";
				COPY_PHASE_STRIP = NO;
				DEBUG_INFORMATION_FORMAT = dwarf;
				ENABLE_STRICT_OBJC_MSGSEND = YES;
				ENABLE_TESTABILITY = YES;
				GCC_C_LANGUAGE_STANDARD = gnu99;
				GCC_DYNAMIC_NO_PIC = NO;
				GCC_NO_COMMON_BLOCKS = YES;
				GCC_OPTIMIZATION_LEVEL = 0;
				GCC_PREPROCESSOR_DEFINITIONS = (
					"DEBUG=1",
					"$(inherited)",
				);
				GCC_WARN_64_TO_32_BIT_CONVERSION = YES;
				GCC_WARN_ABOUT_RETURN_TYPE = YES_ERROR;
				GCC_WARN_UNDECLARED_SELECTOR = YES;
				GCC_WARN_UNINITIALIZED_AUTOS = YES_AGGRESSIVE;
				GCC_WARN_UNUSED_FUNCTION = YES;
				GCC_WARN_UNUSED_VARIABLE = YES;
				IPHONEOS_DEPLOYMENT_TARGET = 9.3;
				MTL_ENABLE_DEBUG_INFO = YES;
				ONLY_ACTIVE_ARCH = YES;
				SDKROOT = iphoneos;
				SWIFT_OPTIMIZATION_LEVEL = "-Onone";
				TARGETED_DEVICE_FAMILY = "1,2";
			};
			name = Debug;
		};
		37E2601E1D32DB6D00644207 /* Release */ = {
			isa = XCBuildConfiguration;
			buildSettings = {
				ALWAYS_SEARCH_USER_PATHS = NO;
				CLANG_ANALYZER_NONNULL = YES;
				CLANG_CXX_LANGUAGE_STANDARD = "gnu++0x";
				CLANG_CXX_LIBRARY = "libc++";
				CLANG_ENABLE_MODULES = YES;
				CLANG_ENABLE_OBJC_ARC = YES;
				CLANG_WARN_BOOL_CONVERSION = YES;
				CLANG_WARN_CONSTANT_CONVERSION = YES;
				CLANG_WARN_DIRECT_OBJC_ISA_USAGE = YES_ERROR;
				CLANG_WARN_EMPTY_BODY = YES;
				CLANG_WARN_ENUM_CONVERSION = YES;
				CLANG_WARN_INT_CONVERSION = YES;
				CLANG_WARN_OBJC_ROOT_CLASS = YES_ERROR;
				CLANG_WARN_UNREACHABLE_CODE = YES;
				CLANG_WARN__DUPLICATE_METHOD_MATCH = YES;
				"CODE_SIGN_IDENTITY[sdk=iphoneos*]" = "iPhone Developer";
				COPY_PHASE_STRIP = NO;
				DEBUG_INFORMATION_FORMAT = "dwarf-with-dsym";
				ENABLE_NS_ASSERTIONS = NO;
				ENABLE_STRICT_OBJC_MSGSEND = YES;
				GCC_C_LANGUAGE_STANDARD = gnu99;
				GCC_NO_COMMON_BLOCKS = YES;
				GCC_WARN_64_TO_32_BIT_CONVERSION = YES;
				GCC_WARN_ABOUT_RETURN_TYPE = YES_ERROR;
				GCC_WARN_UNDECLARED_SELECTOR = YES;
				GCC_WARN_UNINITIALIZED_AUTOS = YES_AGGRESSIVE;
				GCC_WARN_UNUSED_FUNCTION = YES;
				GCC_WARN_UNUSED_VARIABLE = YES;
				IPHONEOS_DEPLOYMENT_TARGET = 9.3;
				MTL_ENABLE_DEBUG_INFO = NO;
				SDKROOT = iphoneos;
				TARGETED_DEVICE_FAMILY = "1,2";
				VALIDATE_PRODUCT = YES;
			};
			name = Release;
		};
		37E260201D32DB6D00644207 /* Debug */ = {
			isa = XCBuildConfiguration;
			buildSettings = {
				ASSETCATALOG_COMPILER_APPICON_NAME = AppIcon;
				CODE_SIGN_IDENTITY = "iPhone Developer";
				"CODE_SIGN_IDENTITY[sdk=iphoneos*]" = "iPhone Developer";
				INFOPLIST_FILE = capio/Info.plist;
				LD_RUNPATH_SEARCH_PATHS = "$(inherited) @executable_path/Frameworks";
				PRODUCT_BUNDLE_IDENTIFIER = com.theroman.capio;
				PRODUCT_NAME = capio;
				PROVISIONING_PROFILE = "";
			};
			name = Debug;
		};
		37E260211D32DB6D00644207 /* Release */ = {
			isa = XCBuildConfiguration;
			buildSettings = {
				ASSETCATALOG_COMPILER_APPICON_NAME = AppIcon;
				CODE_SIGN_IDENTITY = "iPhone Developer";
				"CODE_SIGN_IDENTITY[sdk=iphoneos*]" = "iPhone Developer";
				INFOPLIST_FILE = capio/Info.plist;
				LD_RUNPATH_SEARCH_PATHS = "$(inherited) @executable_path/Frameworks";
				PRODUCT_BUNDLE_IDENTIFIER = com.theroman.capio;
				PRODUCT_NAME = capio;
				PROVISIONING_PROFILE = "";
			};
			name = Release;
		};
		37E260231D32DB6D00644207 /* Debug */ = {
			isa = XCBuildConfiguration;
			buildSettings = {
				BUNDLE_LOADER = "$(TEST_HOST)";
				INFOPLIST_FILE = capioTests/Info.plist;
				LD_RUNPATH_SEARCH_PATHS = "$(inherited) @executable_path/Frameworks @loader_path/Frameworks";
				PRODUCT_BUNDLE_IDENTIFIER = com.theroman.capioTests;
				PRODUCT_NAME = "$(TARGET_NAME)";
				TEST_HOST = "$(BUILT_PRODUCTS_DIR)/capio.app/capio";
			};
			name = Debug;
		};
		37E260241D32DB6D00644207 /* Release */ = {
			isa = XCBuildConfiguration;
			buildSettings = {
				BUNDLE_LOADER = "$(TEST_HOST)";
				INFOPLIST_FILE = capioTests/Info.plist;
				LD_RUNPATH_SEARCH_PATHS = "$(inherited) @executable_path/Frameworks @loader_path/Frameworks";
				PRODUCT_BUNDLE_IDENTIFIER = com.theroman.capioTests;
				PRODUCT_NAME = "$(TARGET_NAME)";
				TEST_HOST = "$(BUILT_PRODUCTS_DIR)/capio.app/capio";
			};
			name = Release;
		};
		37E260261D32DB6D00644207 /* Debug */ = {
			isa = XCBuildConfiguration;
			buildSettings = {
				INFOPLIST_FILE = capioUITests/Info.plist;
				LD_RUNPATH_SEARCH_PATHS = "$(inherited) @executable_path/Frameworks @loader_path/Frameworks";
				PRODUCT_BUNDLE_IDENTIFIER = com.theroman.capioUITests;
				PRODUCT_NAME = "$(TARGET_NAME)";
				TEST_TARGET_NAME = capio;
			};
			name = Debug;
		};
		37E260271D32DB6D00644207 /* Release */ = {
			isa = XCBuildConfiguration;
			buildSettings = {
				INFOPLIST_FILE = capioUITests/Info.plist;
				LD_RUNPATH_SEARCH_PATHS = "$(inherited) @executable_path/Frameworks @loader_path/Frameworks";
				PRODUCT_BUNDLE_IDENTIFIER = com.theroman.capioUITests;
				PRODUCT_NAME = "$(TARGET_NAME)";
				TEST_TARGET_NAME = capio;
			};
			name = Release;
		};
/* End XCBuildConfiguration section */

/* Begin XCConfigurationList section */
		37E25FF01D32DB6D00644207 /* Build configuration list for PBXProject "capio" */ = {
			isa = XCConfigurationList;
			buildConfigurations = (
				37E2601D1D32DB6D00644207 /* Debug */,
				37E2601E1D32DB6D00644207 /* Release */,
			);
			defaultConfigurationIsVisible = 0;
			defaultConfigurationName = Release;
		};
		37E2601F1D32DB6D00644207 /* Build configuration list for PBXNativeTarget "capio" */ = {
			isa = XCConfigurationList;
			buildConfigurations = (
				37E260201D32DB6D00644207 /* Debug */,
				37E260211D32DB6D00644207 /* Release */,
			);
			defaultConfigurationIsVisible = 0;
			defaultConfigurationName = Release;
		};
		37E260221D32DB6D00644207 /* Build configuration list for PBXNativeTarget "capioTests" */ = {
			isa = XCConfigurationList;
			buildConfigurations = (
				37E260231D32DB6D00644207 /* Debug */,
				37E260241D32DB6D00644207 /* Release */,
			);
			defaultConfigurationIsVisible = 0;
			defaultConfigurationName = Release;
		};
		37E260251D32DB6D00644207 /* Build configuration list for PBXNativeTarget "capioUITests" */ = {
			isa = XCConfigurationList;
			buildConfigurations = (
				37E260261D32DB6D00644207 /* Debug */,
				37E260271D32DB6D00644207 /* Release */,
			);
			defaultConfigurationIsVisible = 0;
			defaultConfigurationName = Release;
		};
/* End XCConfigurationList section */
	};
	rootObject = 37E25FED1D32DB6D00644207 /* Project object */;
}
